
Microsoft Visual Studio Solution File, Format Version 12.00
# Visual Studio Version 16
VisualStudioVersion = 16.0.29418.71
MinimumVisualStudioVersion = 10.0.40219.1
Project("{9A19103F-16F7-4668-BE54-9A1E7A4F7556}") = "PythonLearn", "PythonLearn.csproj", "{1A09A6DC-28A6-4E7D-9163-8BA29177F1D0}"
EndProject
Project("{9A19103F-16F7-4668-BE54-9A1E7A4F7556}") = "PythonLearn.Data", "..\Py.Data\PythonLearn.Data.csproj", "{77BB4B70-4575-475D-8929-248384FD5819}"
EndProject
Project("{9A19103F-16F7-4668-BE54-9A1E7A4F7556}") = "PythonLearn.Compiler", "..\PythonLearn.Compiler\PythonLearn.Compiler.csproj", "{F33CAEE2-2C4F-4092-B527-4BA23485E38F}"
EndProject
Project("{9A19103F-16F7-4668-BE54-9A1E7A4F7556}") = "PythonLearn.Authentication", "..\PythonLearn.Authentication\PythonLearn.Authentication.csproj", "{53C79033-6916-43D9-8410-10D6BA875C2C}"
EndProject
Project("{9A19103F-16F7-4668-BE54-9A1E7A4F7556}") = "PythonLearn.MailKit", "..\PythonLearn.MailKit\PythonLearn.MailKit.csproj", "{09C97124-3BB6-4A07-AFA2-52FE2C8E48C3}"
EndProject
Project("{9A19103F-16F7-4668-BE54-9A1E7A4F7556}") = "PythonLearn.GenerateRandom", "..\PythonLearn.GenerateRandom\PythonLearn.GenerateRandom.csproj", "{2AC930D8-1A83-4448-8819-86ECFD9C1809}"
EndProject
Global
	GlobalSection(SolutionConfigurationPlatforms) = preSolution
		Debug|Any CPU = Debug|Any CPU
		Release|Any CPU = Release|Any CPU
	EndGlobalSection
	GlobalSection(ProjectConfigurationPlatforms) = postSolution
		{1A09A6DC-28A6-4E7D-9163-8BA29177F1D0}.Debug|Any CPU.ActiveCfg = Debug|Any CPU
		{1A09A6DC-28A6-4E7D-9163-8BA29177F1D0}.Debug|Any CPU.Build.0 = Debug|Any CPU
		{1A09A6DC-28A6-4E7D-9163-8BA29177F1D0}.Release|Any CPU.ActiveCfg = Release|Any CPU
		{1A09A6DC-28A6-4E7D-9163-8BA29177F1D0}.Release|Any CPU.Build.0 = Release|Any CPU
		{77BB4B70-4575-475D-8929-248384FD5819}.Debug|Any CPU.ActiveCfg = Debug|Any CPU
		{77BB4B70-4575-475D-8929-248384FD5819}.Debug|Any CPU.Build.0 = Debug|Any CPU
		{77BB4B70-4575-475D-8929-248384FD5819}.Release|Any CPU.ActiveCfg = Release|Any CPU
		{77BB4B70-4575-475D-8929-248384FD5819}.Release|Any CPU.Build.0 = Release|Any CPU
		{F33CAEE2-2C4F-4092-B527-4BA23485E38F}.Debug|Any CPU.ActiveCfg = Debug|Any CPU
		{F33CAEE2-2C4F-4092-B527-4BA23485E38F}.Debug|Any CPU.Build.0 = Debug|Any CPU
		{F33CAEE2-2C4F-4092-B527-4BA23485E38F}.Release|Any CPU.ActiveCfg = Release|Any CPU
		{F33CAEE2-2C4F-4092-B527-4BA23485E38F}.Release|Any CPU.Build.0 = Release|Any CPU
		{53C79033-6916-43D9-8410-10D6BA875C2C}.Debug|Any CPU.ActiveCfg = Debug|Any CPU
		{53C79033-6916-43D9-8410-10D6BA875C2C}.Debug|Any CPU.Build.0 = Debug|Any CPU
		{53C79033-6916-43D9-8410-10D6BA875C2C}.Release|Any CPU.ActiveCfg = Release|Any CPU
		{53C79033-6916-43D9-8410-10D6BA875C2C}.Release|Any CPU.Build.0 = Release|Any CPU
		{09C97124-3BB6-4A07-AFA2-52FE2C8E48C3}.Debug|Any CPU.ActiveCfg = Debug|Any CPU
		{09C97124-3BB6-4A07-AFA2-52FE2C8E48C3}.Debug|Any CPU.Build.0 = Debug|Any CPU
		{09C97124-3BB6-4A07-AFA2-52FE2C8E48C3}.Release|Any CPU.ActiveCfg = Release|Any CPU
		{09C97124-3BB6-4A07-AFA2-52FE2C8E48C3}.Release|Any CPU.Build.0 = Release|Any CPU
		{2AC930D8-1A83-4448-8819-86ECFD9C1809}.Debug|Any CPU.ActiveCfg = Debug|Any CPU
		{2AC930D8-1A83-4448-8819-86ECFD9C1809}.Debug|Any CPU.Build.0 = Debug|Any CPU
		{2AC930D8-1A83-4448-8819-86ECFD9C1809}.Release|Any CPU.ActiveCfg = Release|Any CPU
		{2AC930D8-1A83-4448-8819-86ECFD9C1809}.Release|Any CPU.Build.0 = Release|Any CPU
	EndGlobalSection
	GlobalSection(SolutionProperties) = preSolution
		HideSolutionNode = FALSE
	EndGlobalSection
	GlobalSection(ExtensibilityGlobals) = postSolution
		SolutionGuid = {368E9C54-011E-4D56-AEE5-189C7BBECA48}
	EndGlobalSection
EndGlobal
